
Microsoft Visual Studio Solution File, Format Version 12.00
# Visual Studio Version 17
VisualStudioVersion = 17.7.34031.279
MinimumVisualStudioVersion = 10.0.40219.1
Project("{FAE04EC0-301F-11D3-BF4B-00C04F79EFBC}") = "SchoolApi", "SchoolApi\SchoolApi.csproj", "{43F67842-3888-4FB7-B018-C144494FABBE}"
EndProject
Global
	GlobalSection(SolutionConfigurationPlatforms) = preSolution
		Debug|Any CPU = Debug|Any CPU
		Release|Any CPU = Release|Any CPU
	EndGlobalSection
	GlobalSection(ProjectConfigurationPlatforms) = postSolution
		{43F67842-3888-4FB7-B018-C144494FABBE}.Debug|Any CPU.ActiveCfg = Debug|Any CPU
		{43F67842-3888-4FB7-B018-C144494FABBE}.Debug|Any CPU.Build.0 = Debug|Any CPU
		{43F67842-3888-4FB7-B018-C144494FABBE}.Release|Any CPU.ActiveCfg = Release|Any CPU
		{43F67842-3888-4FB7-B018-C144494FABBE}.Release|Any CPU.Build.0 = Release|Any CPU
	EndGlobalSection
	GlobalSection(SolutionProperties) = preSolution
		HideSolutionNode = FALSE
	EndGlobalSection
	GlobalSection(ExtensibilityGlobals) = postSolution
		SolutionGuid = {E7C58253-4D41-4A10-AB9A-AF70FEF7047E}
	EndGlobalSection
EndGlobal
